
Microsoft Visual Studio Solution File, Format Version 12.00
# Visual Studio Version 17
VisualStudioVersion = 17.6.33815.320
MinimumVisualStudioVersion = 10.0.40219.1
Project("{FAE04EC0-301F-11D3-BF4B-00C04F79EFBC}") = "practica2_2", "practica2_2.csproj", "{50B3F16A-C176-4116-941D-4510EEEA630A}"
EndProject
Global
	GlobalSection(SolutionConfigurationPlatforms) = preSolution
		Debug|Any CPU = Debug|Any CPU
		Release|Any CPU = Release|Any CPU
	EndGlobalSection
	GlobalSection(ProjectConfigurationPlatforms) = postSolution
		{50B3F16A-C176-4116-941D-4510EEEA630A}.Debug|Any CPU.ActiveCfg = Debug|Any CPU
		{50B3F16A-C176-4116-941D-4510EEEA630A}.Debug|Any CPU.Build.0 = Debug|Any CPU
		{50B3F16A-C176-4116-941D-4510EEEA630A}.Release|Any CPU.ActiveCfg = Release|Any CPU
		{50B3F16A-C176-4116-941D-4510EEEA630A}.Release|Any CPU.Build.0 = Release|Any CPU
	EndGlobalSection
	GlobalSection(SolutionProperties) = preSolution
		HideSolutionNode = FALSE
	EndGlobalSection
	GlobalSection(ExtensibilityGlobals) = postSolution
		SolutionGuid = {10933F19-9FC1-4230-B15C-E1E25B5365DF}
	EndGlobalSection
EndGlobal
